// !$*UTF8*$!
{
	archiveVersion = 1;
	classes = {
	};
	objectVersion = 56;
	objects = {

/* Begin PBXBuildFile section */
		2056195C2AEAA9110080A518 /* Profile.swift in Sources */ = {isa = PBXBuildFile; fileRef = 2056195B2AEAA9110080A518 /* Profile.swift */; };
		2056195E2AEAA9C70080A518 /* ProfileHost.swift in Sources */ = {isa = PBXBuildFile; fileRef = 2056195D2AEAA9C70080A518 /* ProfileHost.swift */; };
		205619602AEAAA250080A518 /* ProfilesSummary.swift in Sources */ = {isa = PBXBuildFile; fileRef = 2056195F2AEAAA250080A518 /* ProfilesSummary.swift */; };
		205619622AEAAB620080A518 /* HikeBadge.swift in Sources */ = {isa = PBXBuildFile; fileRef = 205619612AEAAB620080A518 /* HikeBadge.swift */; };
		205619642AEAAF6C0080A518 /* ProfileEditor.swift in Sources */ = {isa = PBXBuildFile; fileRef = 205619632AEAAF6C0080A518 /* ProfileEditor.swift */; };
		207F9C912ADBE57D0092CA1D /* landmarkData.json in Resources */ = {isa = PBXBuildFile; fileRef = 207F9C902ADBE57D0092CA1D /* landmarkData.json */; };
		207F9C932ADBE5940092CA1D /* Lnadmark.swift in Sources */ = {isa = PBXBuildFile; fileRef = 207F9C922ADBE5940092CA1D /* Lnadmark.swift */; };
		207F9C952ADBE6EC0092CA1D /* ModelData.swift in Sources */ = {isa = PBXBuildFile; fileRef = 207F9C942ADBE6EC0092CA1D /* ModelData.swift */; };
		207F9C9A2ADBE9590092CA1D /* LandmarkRow.swift in Sources */ = {isa = PBXBuildFile; fileRef = 207F9C992ADBE9590092CA1D /* LandmarkRow.swift */; };
		207F9C9C2ADBECC10092CA1D /* LandmarkList.swift in Sources */ = {isa = PBXBuildFile; fileRef = 207F9C9B2ADBECC10092CA1D /* LandmarkList.swift */; };
		207F9C9E2ADBEE020092CA1D /* LandmarkDetail.swift in Sources */ = {isa = PBXBuildFile; fileRef = 207F9C9D2ADBEE020092CA1D /* LandmarkDetail.swift */; };
		207F9CA02ADD5B580092CA1D /* FavoriteButton.swift in Sources */ = {isa = PBXBuildFile; fileRef = 207F9C9F2ADD5B580092CA1D /* FavoriteButton.swift */; };
		207F9CC42ADE5E040092CA1D /* HexagonParameters.swift in Sources */ = {isa = PBXBuildFile; fileRef = 207F9CC32ADE5E040092CA1D /* HexagonParameters.swift */; };
		207F9CC62ADE5EA80092CA1D /* BadgeBackground.swift in Sources */ = {isa = PBXBuildFile; fileRef = 207F9CC52ADE5EA80092CA1D /* BadgeBackground.swift */; };
		207F9CC82ADE667B0092CA1D /* BadgeSymbol.swift in Sources */ = {isa = PBXBuildFile; fileRef = 207F9CC72ADE667B0092CA1D /* BadgeSymbol.swift */; };
		207F9CCA2ADE67A90092CA1D /* RotatedBageSymbol.swift in Sources */ = {isa = PBXBuildFile; fileRef = 207F9CC92ADE67A90092CA1D /* RotatedBageSymbol.swift */; };
		207F9CCC2ADE68020092CA1D /* Badge.swift in Sources */ = {isa = PBXBuildFile; fileRef = 207F9CCB2ADE68020092CA1D /* Badge.swift */; };
		207F9CCF2AE01DBD0092CA1D /* hikeData.json in Resources */ = {isa = PBXBuildFile; fileRef = 207F9CCE2AE01DBD0092CA1D /* hikeData.json */; };
		207F9CD12AE01DDA0092CA1D /* Hike.swift in Sources */ = {isa = PBXBuildFile; fileRef = 207F9CD02AE01DDA0092CA1D /* Hike.swift */; };
		207F9CD72AE01EE40092CA1D /* GraphCapsule.swift in Sources */ = {isa = PBXBuildFile; fileRef = 207F9CD32AE01EE40092CA1D /* GraphCapsule.swift */; };
		207F9CD82AE01EE40092CA1D /* HikeGraph.swift in Sources */ = {isa = PBXBuildFile; fileRef = 207F9CD42AE01EE40092CA1D /* HikeGraph.swift */; };
		207F9CD92AE01EE40092CA1D /* HikeDetail.swift in Sources */ = {isa = PBXBuildFile; fileRef = 207F9CD52AE01EE40092CA1D /* HikeDetail.swift */; };
		207F9CDA2AE01EE40092CA1D /* HikeView.swift in Sources */ = {isa = PBXBuildFile; fileRef = 207F9CD62AE01EE40092CA1D /* HikeView.swift */; };
		207F9CDD2AE160E70092CA1D /* CategoryHome.swift in Sources */ = {isa = PBXBuildFile; fileRef = 207F9CDC2AE160E70092CA1D /* CategoryHome.swift */; };
		207F9CE02AE162570092CA1D /* CategoryRows.swift in Sources */ = {isa = PBXBuildFile; fileRef = 207F9CDF2AE162570092CA1D /* CategoryRows.swift */; };
		207F9CE22AE163B80092CA1D /* CategoryItem.swift in Sources */ = {isa = PBXBuildFile; fileRef = 207F9CE12AE163B80092CA1D /* CategoryItem.swift */; };
		209476492ADA8FAD0035311B /* LandmarksApp.swift in Sources */ = {isa = PBXBuildFile; fileRef = 209476482ADA8FAD0035311B /* LandmarksApp.swift */; };
		2094764B2ADA8FAD0035311B /* ContentView.swift in Sources */ = {isa = PBXBuildFile; fileRef = 2094764A2ADA8FAD0035311B /* ContentView.swift */; };
		2094764D2ADA8FAE0035311B /* Assets.xcassets in Resources */ = {isa = PBXBuildFile; fileRef = 2094764C2ADA8FAE0035311B /* Assets.xcassets */; };
		209476502ADA8FAE0035311B /* Preview Assets.xcassets in Resources */ = {isa = PBXBuildFile; fileRef = 2094764F2ADA8FAE0035311B /* Preview Assets.xcassets */; };
		209476572ADAA1300035311B /* CircleImage.swift in Sources */ = {isa = PBXBuildFile; fileRef = 209476562ADAA1300035311B /* CircleImage.swift */; };
		209476592ADAA2260035311B /* MapView.swift in Sources */ = {isa = PBXBuildFile; fileRef = 209476582ADAA2260035311B /* MapView.swift */; };
/* End PBXBuildFile section */

/* Begin PBXFileReference section */
		2056195B2AEAA9110080A518 /* Profile.swift */ = {isa = PBXFileReference; lastKnownFileType = sourcecode.swift; path = Profile.swift; sourceTree = "<group>"; };
		2056195D2AEAA9C70080A518 /* ProfileHost.swift */ = {isa = PBXFileReference; lastKnownFileType = sourcecode.swift; path = ProfileHost.swift; sourceTree = "<group>"; };
		2056195F2AEAAA250080A518 /* ProfilesSummary.swift */ = {isa = PBXFileReference; lastKnownFileType = sourcecode.swift; path = ProfilesSummary.swift; sourceTree = "<group>"; };
		205619612AEAAB620080A518 /* HikeBadge.swift */ = {isa = PBXFileReference; lastKnownFileType = sourcecode.swift; path = HikeBadge.swift; sourceTree = "<group>"; };
		205619632AEAAF6C0080A518 /* ProfileEditor.swift */ = {isa = PBXFileReference; lastKnownFileType = sourcecode.swift; path = ProfileEditor.swift; sourceTree = "<group>"; };
		207F9C902ADBE57D0092CA1D /* landmarkData.json */ = {isa = PBXFileReference; fileEncoding = 4; lastKnownFileType = text.json; path = landmarkData.json; sourceTree = "<group>"; };
		207F9C922ADBE5940092CA1D /* Lnadmark.swift */ = {isa = PBXFileReference; lastKnownFileType = sourcecode.swift; path = Lnadmark.swift; sourceTree = "<group>"; };
		207F9C942ADBE6EC0092CA1D /* ModelData.swift */ = {isa = PBXFileReference; lastKnownFileType = sourcecode.swift; path = ModelData.swift; sourceTree = "<group>"; };
		207F9C992ADBE9590092CA1D /* LandmarkRow.swift */ = {isa = PBXFileReference; lastKnownFileType = sourcecode.swift; path = LandmarkRow.swift; sourceTree = "<group>"; };
		207F9C9B2ADBECC10092CA1D /* LandmarkList.swift */ = {isa = PBXFileReference; lastKnownFileType = sourcecode.swift; path = LandmarkList.swift; sourceTree = "<group>"; };
		207F9C9D2ADBEE020092CA1D /* LandmarkDetail.swift */ = {isa = PBXFileReference; lastKnownFileType = sourcecode.swift; path = LandmarkDetail.swift; sourceTree = "<group>"; };
		207F9C9F2ADD5B580092CA1D /* FavoriteButton.swift */ = {isa = PBXFileReference; lastKnownFileType = sourcecode.swift; path = FavoriteButton.swift; sourceTree = "<group>"; };
		207F9CC32ADE5E040092CA1D /* HexagonParameters.swift */ = {isa = PBXFileReference; lastKnownFileType = sourcecode.swift; path = HexagonParameters.swift; sourceTree = "<group>"; };
		207F9CC52ADE5EA80092CA1D /* BadgeBackground.swift */ = {isa = PBXFileReference; lastKnownFileType = sourcecode.swift; path = BadgeBackground.swift; sourceTree = "<group>"; };
		207F9CC72ADE667B0092CA1D /* BadgeSymbol.swift */ = {isa = PBXFileReference; lastKnownFileType = sourcecode.swift; path = BadgeSymbol.swift; sourceTree = "<group>"; };
		207F9CC92ADE67A90092CA1D /* RotatedBageSymbol.swift */ = {isa = PBXFileReference; lastKnownFileType = sourcecode.swift; path = RotatedBageSymbol.swift; sourceTree = "<group>"; };
		207F9CCB2ADE68020092CA1D /* Badge.swift */ = {isa = PBXFileReference; lastKnownFileType = sourcecode.swift; path = Badge.swift; sourceTree = "<group>"; };
		207F9CCE2AE01DBD0092CA1D /* hikeData.json */ = {isa = PBXFileReference; fileEncoding = 4; lastKnownFileType = text.json; path = hikeData.json; sourceTree = "<group>"; };
		207F9CD02AE01DDA0092CA1D /* Hike.swift */ = {isa = PBXFileReference; lastKnownFileType = sourcecode.swift; path = Hike.swift; sourceTree = "<group>"; };
		207F9CD32AE01EE40092CA1D /* GraphCapsule.swift */ = {isa = PBXFileReference; fileEncoding = 4; lastKnownFileType = sourcecode.swift; path = GraphCapsule.swift; sourceTree = "<group>"; };
		207F9CD42AE01EE40092CA1D /* HikeGraph.swift */ = {isa = PBXFileReference; fileEncoding = 4; lastKnownFileType = sourcecode.swift; path = HikeGraph.swift; sourceTree = "<group>"; };
		207F9CD52AE01EE40092CA1D /* HikeDetail.swift */ = {isa = PBXFileReference; fileEncoding = 4; lastKnownFileType = sourcecode.swift; path = HikeDetail.swift; sourceTree = "<group>"; };
		207F9CD62AE01EE40092CA1D /* HikeView.swift */ = {isa = PBXFileReference; fileEncoding = 4; lastKnownFileType = sourcecode.swift; path = HikeView.swift; sourceTree = "<group>"; };
		207F9CDC2AE160E70092CA1D /* CategoryHome.swift */ = {isa = PBXFileReference; lastKnownFileType = sourcecode.swift; path = CategoryHome.swift; sourceTree = "<group>"; };
		207F9CDF2AE162570092CA1D /* CategoryRows.swift */ = {isa = PBXFileReference; lastKnownFileType = sourcecode.swift; path = CategoryRows.swift; sourceTree = "<group>"; };
		207F9CE12AE163B80092CA1D /* CategoryItem.swift */ = {isa = PBXFileReference; lastKnownFileType = sourcecode.swift; path = CategoryItem.swift; sourceTree = "<group>"; };
		209476452ADA8FAD0035311B /* Landmarks.app */ = {isa = PBXFileReference; explicitFileType = wrapper.application; includeInIndex = 0; path = Landmarks.app; sourceTree = BUILT_PRODUCTS_DIR; };
		209476482ADA8FAD0035311B /* LandmarksApp.swift */ = {isa = PBXFileReference; lastKnownFileType = sourcecode.swift; path = LandmarksApp.swift; sourceTree = "<group>"; };
		2094764A2ADA8FAD0035311B /* ContentView.swift */ = {isa = PBXFileReference; lastKnownFileType = sourcecode.swift; path = ContentView.swift; sourceTree = "<group>"; };
		2094764C2ADA8FAE0035311B /* Assets.xcassets */ = {isa = PBXFileReference; lastKnownFileType = folder.assetcatalog; path = Assets.xcassets; sourceTree = "<group>"; };
		2094764F2ADA8FAE0035311B /* Preview Assets.xcassets */ = {isa = PBXFileReference; lastKnownFileType = folder.assetcatalog; path = "Preview Assets.xcassets"; sourceTree = "<group>"; };
		209476562ADAA1300035311B /* CircleImage.swift */ = {isa = PBXFileReference; lastKnownFileType = sourcecode.swift; path = CircleImage.swift; sourceTree = "<group>"; };
		209476582ADAA2260035311B /* MapView.swift */ = {isa = PBXFileReference; lastKnownFileType = sourcecode.swift; path = MapView.swift; sourceTree = "<group>"; };
/* End PBXFileReference section */

/* Begin PBXFrameworksBuildPhase section */
		209476422ADA8FAD0035311B /* Frameworks */ = {
			isa = PBXFrameworksBuildPhase;
			buildActionMask = 2147483647;
			files = (
			);
			runOnlyForDeploymentPostprocessing = 0;
		};
/* End PBXFrameworksBuildPhase section */

/* Begin PBXGroup section */
		207F9C962ADBE8020092CA1D /* Views */ = {
			isa = PBXGroup;
			children = (
				2094764A2ADA8FAD0035311B /* ContentView.swift */,
				207F9CDB2AE160AE0092CA1D /* Categories */,
				207F9CD22AE01EE40092CA1D /* Hikes */,
				207F9CA22ADD5C0C0092CA1D /* Helper */,
				207F9CA12ADD5BFB0092CA1D /* Landmarks */,
				207F9CCD2ADE698B0092CA1D /* Badges */,
				2056195D2AEAA9C70080A518 /* ProfileHost.swift */,
				2056195F2AEAAA250080A518 /* ProfilesSummary.swift */,
				205619632AEAAF6C0080A518 /* ProfileEditor.swift */,
			);
			path = Views;
			sourceTree = "<group>";
		};
		207F9C972ADBE8110092CA1D /* Model */ = {
			isa = PBXGroup;
			children = (
				207F9C922ADBE5940092CA1D /* Lnadmark.swift */,
				207F9C942ADBE6EC0092CA1D /* ModelData.swift */,
				207F9CD02AE01DDA0092CA1D /* Hike.swift */,
				2056195B2AEAA9110080A518 /* Profile.swift */,
			);
			path = Model;
			sourceTree = "<group>";
		};
		207F9C982ADBE8250092CA1D /* Resources */ = {
			isa = PBXGroup;
			children = (
				207F9CCE2AE01DBD0092CA1D /* hikeData.json */,
				207F9C902ADBE57D0092CA1D /* landmarkData.json */,
			);
			path = Resources;
			sourceTree = "<group>";
		};
		207F9CA12ADD5BFB0092CA1D /* Landmarks */ = {
			isa = PBXGroup;
			children = (
				207F9C992ADBE9590092CA1D /* LandmarkRow.swift */,
				207F9C9B2ADBECC10092CA1D /* LandmarkList.swift */,
				207F9C9D2ADBEE020092CA1D /* LandmarkDetail.swift */,
			);
			path = Landmarks;
			sourceTree = "<group>";
		};
		207F9CA22ADD5C0C0092CA1D /* Helper */ = {
			isa = PBXGroup;
			children = (
				209476562ADAA1300035311B /* CircleImage.swift */,
				209476582ADAA2260035311B /* MapView.swift */,
				207F9C9F2ADD5B580092CA1D /* FavoriteButton.swift */,
			);
			path = Helper;
			sourceTree = "<group>";
		};
		207F9CCD2ADE698B0092CA1D /* Badges */ = {
			isa = PBXGroup;
			children = (
				207F9CC32ADE5E040092CA1D /* HexagonParameters.swift */,
				207F9CC52ADE5EA80092CA1D /* BadgeBackground.swift */,
				207F9CC72ADE667B0092CA1D /* BadgeSymbol.swift */,
				207F9CC92ADE67A90092CA1D /* RotatedBageSymbol.swift */,
				207F9CCB2ADE68020092CA1D /* Badge.swift */,
			);
			path = Badges;
			sourceTree = "<group>";
		};
		207F9CD22AE01EE40092CA1D /* Hikes */ = {
			isa = PBXGroup;
			children = (
				207F9CD32AE01EE40092CA1D /* GraphCapsule.swift */,
				207F9CD42AE01EE40092CA1D /* HikeGraph.swift */,
				207F9CD52AE01EE40092CA1D /* HikeDetail.swift */,
				207F9CD62AE01EE40092CA1D /* HikeView.swift */,
				205619612AEAAB620080A518 /* HikeBadge.swift */,
			);
			path = Hikes;
			sourceTree = "<group>";
		};
		207F9CDB2AE160AE0092CA1D /* Categories */ = {
			isa = PBXGroup;
			children = (
				207F9CDC2AE160E70092CA1D /* CategoryHome.swift */,
				207F9CDF2AE162570092CA1D /* CategoryRows.swift */,
				207F9CE12AE163B80092CA1D /* CategoryItem.swift */,
			);
			path = Categories;
			sourceTree = "<group>";
		};
		2094763C2ADA8FAD0035311B = {
			isa = PBXGroup;
			children = (
				209476472ADA8FAD0035311B /* Landmarks */,
				209476462ADA8FAD0035311B /* Products */,
			);
			sourceTree = "<group>";
		};
		209476462ADA8FAD0035311B /* Products */ = {
			isa = PBXGroup;
			children = (
				209476452ADA8FAD0035311B /* Landmarks.app */,
			);
			name = Products;
			sourceTree = "<group>";
		};
		209476472ADA8FAD0035311B /* Landmarks */ = {
			isa = PBXGroup;
			children = (
				209476482ADA8FAD0035311B /* LandmarksApp.swift */,
				207F9C982ADBE8250092CA1D /* Resources */,
				207F9C962ADBE8020092CA1D /* Views */,
				207F9C972ADBE8110092CA1D /* Model */,
				2094764C2ADA8FAE0035311B /* Assets.xcassets */,
				2094764E2ADA8FAE0035311B /* Preview Content */,
			);
			path = Landmarks;
			sourceTree = "<group>";
		};
		2094764E2ADA8FAE0035311B /* Preview Content */ = {
			isa = PBXGroup;
			children = (
				2094764F2ADA8FAE0035311B /* Preview Assets.xcassets */,
			);
			path = "Preview Content";
			sourceTree = "<group>";
		};
/* End PBXGroup section */

/* Begin PBXNativeTarget section */
		209476442ADA8FAD0035311B /* Landmarks */ = {
			isa = PBXNativeTarget;
			buildConfigurationList = 209476532ADA8FAE0035311B /* Build configuration list for PBXNativeTarget "Landmarks" */;
			buildPhases = (
				209476412ADA8FAD0035311B /* Sources */,
				209476422ADA8FAD0035311B /* Frameworks */,
				209476432ADA8FAD0035311B /* Resources */,
			);
			buildRules = (
			);
			dependencies = (
			);
			name = Landmarks;
			productName = Landmarks;
			productReference = 209476452ADA8FAD0035311B /* Landmarks.app */;
			productType = "com.apple.product-type.application";
		};
/* End PBXNativeTarget section */

/* Begin PBXProject section */
		2094763D2ADA8FAD0035311B /* Project object */ = {
			isa = PBXProject;
			attributes = {
				BuildIndependentTargetsInParallel = 1;
				LastSwiftUpdateCheck = 1500;
				LastUpgradeCheck = 1500;
				TargetAttributes = {
					209476442ADA8FAD0035311B = {
						CreatedOnToolsVersion = 15.0;
					};
				};
			};
			buildConfigurationList = 209476402ADA8FAD0035311B /* Build configuration list for PBXProject "Landmarks" */;
			compatibilityVersion = "Xcode 14.0";
			developmentRegion = en;
			hasScannedForEncodings = 0;
			knownRegions = (
				en,
				Base,
			);
			mainGroup = 2094763C2ADA8FAD0035311B;
			productRefGroup = 209476462ADA8FAD0035311B /* Products */;
			projectDirPath = "";
			projectRoot = "";
			targets = (
				209476442ADA8FAD0035311B /* Landmarks */,
			);
		};
/* End PBXProject section */

/* Begin PBXResourcesBuildPhase section */
		209476432ADA8FAD0035311B /* Resources */ = {
			isa = PBXResourcesBuildPhase;
			buildActionMask = 2147483647;
			files = (
				207F9CCF2AE01DBD0092CA1D /* hikeData.json in Resources */,
				209476502ADA8FAE0035311B /* Preview Assets.xcassets in Resources */,
				2094764D2ADA8FAE0035311B /* Assets.xcassets in Resources */,
				207F9C912ADBE57D0092CA1D /* landmarkData.json in Resources */,
			);
			runOnlyForDeploymentPostprocessing = 0;
		};
/* End PBXResourcesBuildPhase section */

/* Begin PBXSourcesBuildPhase section */
		209476412ADA8FAD0035311B /* Sources */ = {
			isa = PBXSourcesBuildPhase;
			buildActionMask = 2147483647;
			files = (
				207F9CE02AE162570092CA1D /* CategoryRows.swift in Sources */,
				2056195C2AEAA9110080A518 /* Profile.swift in Sources */,
				2094764B2ADA8FAD0035311B /* ContentView.swift in Sources */,
				207F9CDD2AE160E70092CA1D /* CategoryHome.swift in Sources */,
				207F9CD82AE01EE40092CA1D /* HikeGraph.swift in Sources */,
				207F9CCC2ADE68020092CA1D /* Badge.swift in Sources */,
				209476592ADAA2260035311B /* MapView.swift in Sources */,
				207F9CD72AE01EE40092CA1D /* GraphCapsule.swift in Sources */,
				207F9C932ADBE5940092CA1D /* Lnadmark.swift in Sources */,
				207F9CA02ADD5B580092CA1D /* FavoriteButton.swift in Sources */,
				207F9CE22AE163B80092CA1D /* CategoryItem.swift in Sources */,
				207F9CD92AE01EE40092CA1D /* HikeDetail.swift in Sources */,
				207F9CCA2ADE67A90092CA1D /* RotatedBageSymbol.swift in Sources */,
				2056195E2AEAA9C70080A518 /* ProfileHost.swift in Sources */,
				207F9CD12AE01DDA0092CA1D /* Hike.swift in Sources */,
				207F9CC42ADE5E040092CA1D /* HexagonParameters.swift in Sources */,
				207F9CC82ADE667B0092CA1D /* BadgeSymbol.swift in Sources */,
				207F9C9C2ADBECC10092CA1D /* LandmarkList.swift in Sources */,
				205619642AEAAF6C0080A518 /* ProfileEditor.swift in Sources */,
				205619602AEAAA250080A518 /* ProfilesSummary.swift in Sources */,
				207F9CDA2AE01EE40092CA1D /* HikeView.swift in Sources */,
				207F9C9E2ADBEE020092CA1D /* LandmarkDetail.swift in Sources */,
				207F9CC62ADE5EA80092CA1D /* BadgeBackground.swift in Sources */,
				205619622AEAAB620080A518 /* HikeBadge.swift in Sources */,
				209476492ADA8FAD0035311B /* LandmarksApp.swift in Sources */,
				209476572ADAA1300035311B /* CircleImage.swift in Sources */,
				207F9C9A2ADBE9590092CA1D /* LandmarkRow.swift in Sources */,
				207F9C952ADBE6EC0092CA1D /* ModelData.swift in Sources */,
			);
			runOnlyForDeploymentPostprocessing = 0;
		};
/* End PBXSourcesBuildPhase section */

/* Begin XCBuildConfiguration section */
		209476512ADA8FAE0035311B /* Debug */ = {
			isa = XCBuildConfiguration;
			buildSettings = {
				ALWAYS_SEARCH_USER_PATHS = NO;
				ASSETCATALOG_COMPILER_GENERATE_SWIFT_ASSET_SYMBOL_EXTENSIONS = YES;
				CLANG_ANALYZER_NONNULL = YES;
				CLANG_ANALYZER_NUMBER_OBJECT_CONVERSION = YES_AGGRESSIVE;
				CLANG_CXX_LANGUAGE_STANDARD = "gnu++20";
				CLANG_ENABLE_MODULES = YES;
				CLANG_ENABLE_OBJC_ARC = YES;
				CLANG_ENABLE_OBJC_WEAK = YES;
				CLANG_WARN_BLOCK_CAPTURE_AUTORELEASING = YES;
				CLANG_WARN_BOOL_CONVERSION = YES;
				CLANG_WARN_COMMA = YES;
				CLANG_WARN_CONSTANT_CONVERSION = YES;
				CLANG_WARN_DEPRECATED_OBJC_IMPLEMENTATIONS = YES;
				CLANG_WARN_DIRECT_OBJC_ISA_USAGE = YES_ERROR;
				CLANG_WARN_DOCUMENTATION_COMMENTS = YES;
				CLANG_WARN_EMPTY_BODY = YES;
				CLANG_WARN_ENUM_CONVERSION = YES;
				CLANG_WARN_INFINITE_RECURSION = YES;
				CLANG_WARN_INT_CONVERSION = YES;
				CLANG_WARN_NON_LITERAL_NULL_CONVERSION = YES;
				CLANG_WARN_OBJC_IMPLICIT_RETAIN_SELF = YES;
				CLANG_WARN_OBJC_LITERAL_CONVERSION = YES;
				CLANG_WARN_OBJC_ROOT_CLASS = YES_ERROR;
				CLANG_WARN_QUOTED_INCLUDE_IN_FRAMEWORK_HEADER = YES;
				CLANG_WARN_RANGE_LOOP_ANALYSIS = YES;
				CLANG_WARN_STRICT_PROTOTYPES = YES;
				CLANG_WARN_SUSPICIOUS_MOVE = YES;
				CLANG_WARN_UNGUARDED_AVAILABILITY = YES_AGGRESSIVE;
				CLANG_WARN_UNREACHABLE_CODE = YES;
				CLANG_WARN__DUPLICATE_METHOD_MATCH = YES;
				COPY_PHASE_STRIP = NO;
				DEBUG_INFORMATION_FORMAT = dwarf;
				ENABLE_STRICT_OBJC_MSGSEND = YES;
				ENABLE_TESTABILITY = YES;
				ENABLE_USER_SCRIPT_SANDBOXING = YES;
				GCC_C_LANGUAGE_STANDARD = gnu17;
				GCC_DYNAMIC_NO_PIC = NO;
				GCC_NO_COMMON_BLOCKS = YES;
				GCC_OPTIMIZATION_LEVEL = 0;
				GCC_PREPROCESSOR_DEFINITIONS = (
					"DEBUG=1",
					"$(inherited)",
				);
				GCC_WARN_64_TO_32_BIT_CONVERSION = YES;
				GCC_WARN_ABOUT_RETURN_TYPE = YES_ERROR;
				GCC_WARN_UNDECLARED_SELECTOR = YES;
				GCC_WARN_UNINITIALIZED_AUTOS = YES_AGGRESSIVE;
				GCC_WARN_UNUSED_FUNCTION = YES;
				GCC_WARN_UNUSED_VARIABLE = YES;
				IPHONEOS_DEPLOYMENT_TARGET = 17.0;
				LOCALIZATION_PREFERS_STRING_CATALOGS = YES;
				MTL_ENABLE_DEBUG_INFO = INCLUDE_SOURCE;
				MTL_FAST_MATH = YES;
				ONLY_ACTIVE_ARCH = YES;
				SDKROOT = iphoneos;
				SWIFT_ACTIVE_COMPILATION_CONDITIONS = "DEBUG $(inherited)";
				SWIFT_OPTIMIZATION_LEVEL = "-Onone";
			};
			name = Debug;
		};
		209476522ADA8FAE0035311B /* Release */ = {
			isa = XCBuildConfiguration;
			buildSettings = {
				ALWAYS_SEARCH_USER_PATHS = NO;
				ASSETCATALOG_COMPILER_GENERATE_SWIFT_ASSET_SYMBOL_EXTENSIONS = YES;
				CLANG_ANALYZER_NONNULL = YES;
				CLANG_ANALYZER_NUMBER_OBJECT_CONVERSION = YES_AGGRESSIVE;
				CLANG_CXX_LANGUAGE_STANDARD = "gnu++20";
				CLANG_ENABLE_MODULES = YES;
				CLANG_ENABLE_OBJC_ARC = YES;
				CLANG_ENABLE_OBJC_WEAK = YES;
				CLANG_WARN_BLOCK_CAPTURE_AUTORELEASING = YES;
				CLANG_WARN_BOOL_CONVERSION = YES;
				CLANG_WARN_COMMA = YES;
				CLANG_WARN_CONSTANT_CONVERSION = YES;
				CLANG_WARN_DEPRECATED_OBJC_IMPLEMENTATIONS = YES;
				CLANG_WARN_DIRECT_OBJC_ISA_USAGE = YES_ERROR;
				CLANG_WARN_DOCUMENTATION_COMMENTS = YES;
				CLANG_WARN_EMPTY_BODY = YES;
				CLANG_WARN_ENUM_CONVERSION = YES;
				CLANG_WARN_INFINITE_RECURSION = YES;
				CLANG_WARN_INT_CONVERSION = YES;
				CLANG_WARN_NON_LITERAL_NULL_CONVERSION = YES;
				CLANG_WARN_OBJC_IMPLICIT_RETAIN_SELF = YES;
				CLANG_WARN_OBJC_LITERAL_CONVERSION = YES;
				CLANG_WARN_OBJC_ROOT_CLASS = YES_ERROR;
				CLANG_WARN_QUOTED_INCLUDE_IN_FRAMEWORK_HEADER = YES;
				CLANG_WARN_RANGE_LOOP_ANALYSIS = YES;
				CLANG_WARN_STRICT_PROTOTYPES = YES;
				CLANG_WARN_SUSPICIOUS_MOVE = YES;
				CLANG_WARN_UNGUARDED_AVAILABILITY = YES_AGGRESSIVE;
				CLANG_WARN_UNREACHABLE_CODE = YES;
				CLANG_WARN__DUPLICATE_METHOD_MATCH = YES;
				COPY_PHASE_STRIP = NO;
				DEBUG_INFORMATION_FORMAT = "dwarf-with-dsym";
				ENABLE_NS_ASSERTIONS = NO;
				ENABLE_STRICT_OBJC_MSGSEND = YES;
				ENABLE_USER_SCRIPT_SANDBOXING = YES;
				GCC_C_LANGUAGE_STANDARD = gnu17;
				GCC_NO_COMMON_BLOCKS = YES;
				GCC_WARN_64_TO_32_BIT_CONVERSION = YES;
				GCC_WARN_ABOUT_RETURN_TYPE = YES_ERROR;
				GCC_WARN_UNDECLARED_SELECTOR = YES;
				GCC_WARN_UNINITIALIZED_AUTOS = YES_AGGRESSIVE;
				GCC_WARN_UNUSED_FUNCTION = YES;
				GCC_WARN_UNUSED_VARIABLE = YES;
				IPHONEOS_DEPLOYMENT_TARGET = 17.0;
				LOCALIZATION_PREFERS_STRING_CATALOGS = YES;
				MTL_ENABLE_DEBUG_INFO = NO;
				MTL_FAST_MATH = YES;
				SDKROOT = iphoneos;
				SWIFT_COMPILATION_MODE = wholemodule;
				VALIDATE_PRODUCT = YES;
			};
			name = Release;
		};
		209476542ADA8FAE0035311B /* Debug */ = {
			isa = XCBuildConfiguration;
			buildSettings = {
				ASSETCATALOG_COMPILER_APPICON_NAME = AppIcon;
				ASSETCATALOG_COMPILER_GLOBAL_ACCENT_COLOR_NAME = AccentColor;
				CODE_SIGN_STYLE = Automatic;
				CURRENT_PROJECT_VERSION = 1;
				DEVELOPMENT_ASSET_PATHS = "\"Landmarks/Preview Content\"";
				DEVELOPMENT_TEAM = RM7YATZJKT;
				ENABLE_PREVIEWS = YES;
				GENERATE_INFOPLIST_FILE = YES;
				INFOPLIST_KEY_UIApplicationSceneManifest_Generation = YES;
				INFOPLIST_KEY_UIApplicationSupportsIndirectInputEvents = YES;
				INFOPLIST_KEY_UILaunchScreen_Generation = YES;
				INFOPLIST_KEY_UISupportedInterfaceOrientations_iPad = "UIInterfaceOrientationPortrait UIInterfaceOrientationPortraitUpsideDown UIInterfaceOrientationLandscapeLeft UIInterfaceOrientationLandscapeRight";
				INFOPLIST_KEY_UISupportedInterfaceOrientations_iPhone = "UIInterfaceOrientationPortrait UIInterfaceOrientationLandscapeLeft UIInterfaceOrientationLandscapeRight";
				LD_RUNPATH_SEARCH_PATHS = (
					"$(inherited)",
					"@executable_path/Frameworks",
				);
				MARKETING_VERSION = 1.0;
				PRODUCT_BUNDLE_IDENTIFIER = com.MyApp.Landmarks;
				PRODUCT_NAME = "$(TARGET_NAME)";
				SWIFT_EMIT_LOC_STRINGS = YES;
				SWIFT_VERSION = 5.0;
				TARGETED_DEVICE_FAMILY = "1,2";
			};
			name = Debug;
		};
		209476552ADA8FAE0035311B /* Release */ = {
			isa = XCBuildConfiguration;
			buildSettings = {
				ASSETCATALOG_COMPILER_APPICON_NAME = AppIcon;
				ASSETCATALOG_COMPILER_GLOBAL_ACCENT_COLOR_NAME = AccentColor;
				CODE_SIGN_STYLE = Automatic;
				CURRENT_PROJECT_VERSION = 1;
				DEVELOPMENT_ASSET_PATHS = "\"Landmarks/Preview Content\"";
				DEVELOPMENT_TEAM = RM7YATZJKT;
				ENABLE_PREVIEWS = YES;
				GENERATE_INFOPLIST_FILE = YES;
				INFOPLIST_KEY_UIApplicationSceneManifest_Generation = YES;
				INFOPLIST_KEY_UIApplicationSupportsIndirectInputEvents = YES;
				INFOPLIST_KEY_UILaunchScreen_Generation = YES;
				INFOPLIST_KEY_UISupportedInterfaceOrientations_iPad = "UIInterfaceOrientationPortrait UIInterfaceOrientationPortraitUpsideDown UIInterfaceOrientationLandscapeLeft UIInterfaceOrientationLandscapeRight";
				INFOPLIST_KEY_UISupportedInterfaceOrientations_iPhone = "UIInterfaceOrientationPortrait UIInterfaceOrientationLandscapeLeft UIInterfaceOrientationLandscapeRight";
				LD_RUNPATH_SEARCH_PATHS = (
					"$(inherited)",
					"@executable_path/Frameworks",
				);
				MARKETING_VERSION = 1.0;
				PRODUCT_BUNDLE_IDENTIFIER = com.MyApp.Landmarks;
				PRODUCT_NAME = "$(TARGET_NAME)";
				SWIFT_EMIT_LOC_STRINGS = YES;
				SWIFT_VERSION = 5.0;
				TARGETED_DEVICE_FAMILY = "1,2";
			};
			name = Release;
		};
/* End XCBuildConfiguration section */

/* Begin XCConfigurationList section */
		209476402ADA8FAD0035311B /* Build configuration list for PBXProject "Landmarks" */ = {
			isa = XCConfigurationList;
			buildConfigurations = (
				209476512ADA8FAE0035311B /* Debug */,
				209476522ADA8FAE0035311B /* Release */,
			);
			defaultConfigurationIsVisible = 0;
			defaultConfigurationName = Release;
		};
		209476532ADA8FAE0035311B /* Build configuration list for PBXNativeTarget "Landmarks" */ = {
			isa = XCConfigurationList;
			buildConfigurations = (
				209476542ADA8FAE0035311B /* Debug */,
				209476552ADA8FAE0035311B /* Release */,
			);
			defaultConfigurationIsVisible = 0;
			defaultConfigurationName = Release;
		};
/* End XCConfigurationList section */
	};
	rootObject = 2094763D2ADA8FAD0035311B /* Project object */;
}
